
Microsoft Visual Studio Solution File, Format Version 12.00
# Visual Studio Version 17
VisualStudioVersion = 17.4.33110.190
MinimumVisualStudioVersion = 10.0.40219.1
Project("{2150E333-8FDC-42A3-9474-1A3956D46DE8}") = "src", "src", "{ACAD6C81-CE89-49CC-8AA8-1BCA7ACAA95D}"
EndProject
Project("{2150E333-8FDC-42A3-9474-1A3956D46DE8}") = "Solution Items", "Solution Items", "{BB3C6A4F-CE4C-441C-A40F-5688294F7D0F}"
	ProjectSection(SolutionItems) = preProject
		ServiceUrls.txt = ServiceUrls.txt
	EndProjectSection
EndProject
Project("{2150E333-8FDC-42A3-9474-1A3956D46DE8}") = "Services", "Services", "{357DD8EA-A9DB-48EA-A9C0-BD243C5BBEB2}"
EndProject
Project("{2150E333-8FDC-42A3-9474-1A3956D46DE8}") = "BuildingBlocks", "BuildingBlocks", "{00E8153D-9429-40AC-B5B5-18DA13371100}"
EndProject
Project("{2150E333-8FDC-42A3-9474-1A3956D46DE8}") = "Clients", "Clients", "{54F48F7E-0BE3-4FE3-AD3D-3C35B3843F40}"
EndProject
Project("{2150E333-8FDC-42A3-9474-1A3956D46DE8}") = "APIGateways", "APIGateways", "{FCE89FC9-6230-496F-AA18-D45EED2437AB}"
EndProject
Project("{2150E333-8FDC-42A3-9474-1A3956D46DE8}") = "WebAPIGateway", "WebAPIGateway", "{EB614E17-9CC7-4E90-84B8-1B08DC658FDC}"
EndProject
Project("{FAE04EC0-301F-11D3-BF4B-00C04F79EFBC}") = "APIGateways.WebAPIGateway", "src\APIGateways\WebAPIGateway\APIGateways.WebAPIGateway\APIGateways.WebAPIGateway.csproj", "{05802A17-7A73-4E3B-B270-BEF4DAF6886D}"
EndProject
Project("{2150E333-8FDC-42A3-9474-1A3956D46DE8}") = "EventBus", "EventBus", "{A3275ADF-2D88-40DD-AC03-4B4F95067494}"
EndProject
Project("{FAE04EC0-301F-11D3-BF4B-00C04F79EFBC}") = "BuildingBlocks.EventBus.Base", "src\BuildingBlocks\EventBus\BuildingBlocks.EventBus.Base\BuildingBlocks.EventBus.Base.csproj", "{54EAEB1D-52C5-4D2F-8719-3350E17279F1}"
EndProject
Project("{FAE04EC0-301F-11D3-BF4B-00C04F79EFBC}") = "BuildingBlocks.EventBus.Factory", "src\BuildingBlocks\EventBus\BuildingBlocks.EventBus.Factory\BuildingBlocks.EventBus.Factory.csproj", "{27766824-EE14-4F30-9AAA-C4B32EFD7BDB}"
EndProject
Project("{FAE04EC0-301F-11D3-BF4B-00C04F79EFBC}") = "BuildingBlocks.EventBus.AzureServiceBus", "src\BuildingBlocks\EventBus\BuildingBlocks.EventBus.AzureServiceBus\BuildingBlocks.EventBus.AzureServiceBus.csproj", "{58945698-AE11-4DDD-A2C8-D257B9E6A5C4}"
EndProject
Project("{FAE04EC0-301F-11D3-BF4B-00C04F79EFBC}") = "BuildingBlocks.EventBus.RabbitMQ", "src\BuildingBlocks\EventBus\BuildingBlocks.EventBus.RabbitMQ\BuildingBlocks.EventBus.RabbitMQ.csproj", "{1BA05C88-FD56-478A-A78D-AE9BDCC752DC}"
EndProject
Project("{2150E333-8FDC-42A3-9474-1A3956D46DE8}") = "WebApp", "WebApp", "{DDD662D8-2F43-4790-945D-BFC4CC7E56E5}"
EndProject
Project("{2150E333-8FDC-42A3-9474-1A3956D46DE8}") = "BlazorWebApp", "BlazorWebApp", "{29851AFF-9F9B-4A0E-98B6-BAB5ADDAB205}"
EndProject
Project("{FAE04EC0-301F-11D3-BF4B-00C04F79EFBC}") = "Clients.WebApp.BlazorWebApp", "src\Clients\WebApp\BlazorWebApp\Clients.WebApp.BlazorWebApp\Clients.WebApp.BlazorWebApp.csproj", "{2AC86ED6-BEF9-45F0-99D7-10E7051E34DC}"
EndProject
Project("{2150E333-8FDC-42A3-9474-1A3956D46DE8}") = "BasketService", "BasketService", "{FF7824E0-F771-4D47-9F22-CC8C479708A4}"
EndProject
Project("{2150E333-8FDC-42A3-9474-1A3956D46DE8}") = "Core", "Core", "{EF5F2876-F565-4137-A67D-3EFAFA2943D8}"
EndProject
Project("{2150E333-8FDC-42A3-9474-1A3956D46DE8}") = "Infrastructure", "Infrastructure", "{45A61BD9-5250-42FC-A693-C26ABD87F966}"
EndProject
Project("{2150E333-8FDC-42A3-9474-1A3956D46DE8}") = "WebAPI", "WebAPI", "{0B60ABCF-F7E9-41FF-A811-D97E6D572BF2}"
EndProject
Project("{2150E333-8FDC-42A3-9474-1A3956D46DE8}") = "CatalogService", "CatalogService", "{F62A8623-A3D6-4313-B581-D9F087127DA1}"
EndProject
Project("{2150E333-8FDC-42A3-9474-1A3956D46DE8}") = "IdentityService", "IdentityService", "{22305459-510B-4D6E-86B0-D183EDB7BB4C}"
EndProject
Project("{2150E333-8FDC-42A3-9474-1A3956D46DE8}") = "NotificationService", "NotificationService", "{C7DC294D-B00C-491D-91D3-6BFF90614F30}"
EndProject
Project("{2150E333-8FDC-42A3-9474-1A3956D46DE8}") = "OrderService", "OrderService", "{5F3887B6-BB15-42D6-A75A-1B98EFC62A5D}"
EndProject
Project("{2150E333-8FDC-42A3-9474-1A3956D46DE8}") = "PaymentService", "PaymentService", "{39DD9060-562F-4597-A95F-6EDBFAB79314}"
EndProject
Project("{2150E333-8FDC-42A3-9474-1A3956D46DE8}") = "Core", "Core", "{F4E2F198-0863-46D5-87AA-20B594739CD1}"
EndProject
Project("{2150E333-8FDC-42A3-9474-1A3956D46DE8}") = "Infrastructure", "Infrastructure", "{FC31CB7C-1983-4D75-930E-5D34F16DEFAB}"
EndProject
Project("{2150E333-8FDC-42A3-9474-1A3956D46DE8}") = "WebAPI", "WebAPI", "{603546A0-E123-4302-B6F1-9C7A132139D4}"
EndProject
Project("{2150E333-8FDC-42A3-9474-1A3956D46DE8}") = "Core", "Core", "{118E9EBD-8616-4792-BE96-0E8F34B92AD4}"
EndProject
Project("{2150E333-8FDC-42A3-9474-1A3956D46DE8}") = "Infrastructure", "Infrastructure", "{77EEBFD3-786B-4642-9E0F-676759E6FA3A}"
EndProject
Project("{2150E333-8FDC-42A3-9474-1A3956D46DE8}") = "WebAPI", "WebAPI", "{6799DA6D-7DA6-4E2F-9483-35046CD361E9}"
EndProject
Project("{2150E333-8FDC-42A3-9474-1A3956D46DE8}") = "Core", "Core", "{37BBB6D1-2634-429F-8EF6-06826C306D17}"
EndProject
Project("{2150E333-8FDC-42A3-9474-1A3956D46DE8}") = "Infrastructure", "Infrastructure", "{7E609E5A-B980-441C-B06C-411637315408}"
EndProject
Project("{2150E333-8FDC-42A3-9474-1A3956D46DE8}") = "ConsoleApp", "ConsoleApp", "{5AE8C009-E32F-4BFF-B7BA-610BE5E1D44D}"
EndProject
Project("{2150E333-8FDC-42A3-9474-1A3956D46DE8}") = "Core", "Core", "{A451BA41-5EF8-44E6-8F96-331D01E31476}"
EndProject
Project("{2150E333-8FDC-42A3-9474-1A3956D46DE8}") = "Infrastructure", "Infrastructure", "{395447C0-89A4-4C16-98D1-D2C0DEADF124}"
EndProject
Project("{2150E333-8FDC-42A3-9474-1A3956D46DE8}") = "WebAPI", "WebAPI", "{FCD3F02F-8E7C-4B39-A70A-FD4F23B899E2}"
EndProject
Project("{2150E333-8FDC-42A3-9474-1A3956D46DE8}") = "Core", "Core", "{61107AE8-C91F-4C14-B15A-4EF8E6AB5271}"
EndProject
Project("{2150E333-8FDC-42A3-9474-1A3956D46DE8}") = "Infrastructure", "Infrastructure", "{8474E90E-003F-4BC1-A87B-8F2B0881285E}"
EndProject
Project("{2150E333-8FDC-42A3-9474-1A3956D46DE8}") = "WebAPI", "WebAPI", "{2E2CC63C-1644-4CD3-9A36-8A0E9174BD18}"
EndProject
Project("{FAE04EC0-301F-11D3-BF4B-00C04F79EFBC}") = "BasketService.Application", "src\Services\BasketService\Core\BasketService.Application\BasketService.Application.csproj", "{D32E34F4-47DF-499F-8CB6-5CFBE3CDE245}"
EndProject
Project("{FAE04EC0-301F-11D3-BF4B-00C04F79EFBC}") = "BasketService.Domain", "src\Services\BasketService\Core\BasketService.Domain\BasketService.Domain.csproj", "{98BFE20D-D0F8-4712-97F0-B20FBAE19B9F}"
EndProject
Project("{FAE04EC0-301F-11D3-BF4B-00C04F79EFBC}") = "BasketService.Infrastructure", "src\Services\BasketService\Infrastructure\BasketService.Infrastructure\BasketService.Infrastructure.csproj", "{66F87B92-12D2-4F5F-A069-E8EE088E86AA}"
EndProject
Project("{FAE04EC0-301F-11D3-BF4B-00C04F79EFBC}") = "BasketService.Persistence", "src\Services\BasketService\Infrastructure\BasketService.Persistence\BasketService.Persistence.csproj", "{499BDF1F-EA24-4510-99CD-98129A291F36}"
EndProject
Project("{FAE04EC0-301F-11D3-BF4B-00C04F79EFBC}") = "BasketService.WebAPI", "src\Services\BasketService\WebAPI\BasketService.WebAPI\BasketService.WebAPI.csproj", "{6CC90130-526E-4D76-A720-EB872D6E0B0A}"
EndProject
Project("{FAE04EC0-301F-11D3-BF4B-00C04F79EFBC}") = "CatalogService.Application", "src\Services\CatalogService\Core\CatalogService.Application\CatalogService.Application.csproj", "{7861E7F1-F380-4167-81FE-506962AFACC7}"
EndProject
Project("{FAE04EC0-301F-11D3-BF4B-00C04F79EFBC}") = "CatalogService.Domain", "src\Services\CatalogService\Core\CatalogService.Domain\CatalogService.Domain.csproj", "{C4BA37A2-0881-465A-9085-41FA7982B0C6}"
EndProject
Project("{FAE04EC0-301F-11D3-BF4B-00C04F79EFBC}") = "CatalogService.Infrastructure", "src\Services\CatalogService\Infrastructure\CatalogService.Infrastructure\CatalogService.Infrastructure.csproj", "{0BCC8E88-7D02-4BD2-8449-D7427A3B437C}"
EndProject
Project("{FAE04EC0-301F-11D3-BF4B-00C04F79EFBC}") = "CatalogService.Persistence", "src\Services\CatalogService\Infrastructure\CatalogService.Persistence\CatalogService.Persistence.csproj", "{79A079FA-3162-412F-8053-67F467B1F33B}"
EndProject
Project("{FAE04EC0-301F-11D3-BF4B-00C04F79EFBC}") = "CatalogService.WebAPI", "src\Services\CatalogService\WebAPI\CatalogService.WebAPI\CatalogService.WebAPI.csproj", "{1E87F6CF-2D48-41C6-8401-487649FC5A52}"
EndProject
Project("{FAE04EC0-301F-11D3-BF4B-00C04F79EFBC}") = "IdentityService.Application", "src\Services\IdentityService\Core\IdentityService.Application\IdentityService.Application.csproj", "{C2C72E64-E63D-484E-BD5C-F14093762D96}"
EndProject
Project("{FAE04EC0-301F-11D3-BF4B-00C04F79EFBC}") = "IdentityService.Domain", "src\Services\IdentityService\Core\IdentityService.Domain\IdentityService.Domain.csproj", "{24FD19B0-1BD5-4F36-9A08-BDDF8833A5DA}"
EndProject
Project("{FAE04EC0-301F-11D3-BF4B-00C04F79EFBC}") = "IdentityService.Infrastructure", "src\Services\IdentityService\Infrastructure\IdentityService.Infrastructure\IdentityService.Infrastructure.csproj", "{040675A5-E70D-47ED-B10C-0F65C1B941C9}"
EndProject
Project("{FAE04EC0-301F-11D3-BF4B-00C04F79EFBC}") = "IdentityService.Persistence", "src\Services\IdentityService\Infrastructure\IdentityService.Persistence\IdentityService.Persistence.csproj", "{BE3ACA35-1860-4B7A-A1FA-F63A2B4FC20A}"
EndProject
Project("{FAE04EC0-301F-11D3-BF4B-00C04F79EFBC}") = "IdentityService.WebAPI", "src\Services\IdentityService\WebAPI\IdentityService.WebAPI\IdentityService.WebAPI.csproj", "{3CC36B09-AAB9-4C77-AEC2-F30D1F3A0AC9}"
EndProject
Project("{FAE04EC0-301F-11D3-BF4B-00C04F79EFBC}") = "NotificationService.Application", "src\Services\NotificationService\Core\NotificationService.Application\NotificationService.Application.csproj", "{B5FEA553-B92D-449D-A087-6DB0F1C4E9BB}"
EndProject
Project("{FAE04EC0-301F-11D3-BF4B-00C04F79EFBC}") = "NotificationService.Domain", "src\Services\NotificationService\Core\NotificationService.Domain\NotificationService.Domain.csproj", "{AA365C87-4D72-4522-9AA3-53345480F6CE}"
EndProject
Project("{FAE04EC0-301F-11D3-BF4B-00C04F79EFBC}") = "NotificationService.Infrastructure", "src\Services\NotificationService\Infrastructure\NotificationService.Infrastructure\NotificationService.Infrastructure.csproj", "{839E4E18-6864-4833-8080-F79832857F08}"
EndProject
Project("{FAE04EC0-301F-11D3-BF4B-00C04F79EFBC}") = "NotificationService.ConsoleApp", "src\Services\NotificationService\ConsoleApp\NotificationService.ConsoleApp\NotificationService.ConsoleApp.csproj", "{4312DA11-6F93-4126-89AB-47FCFF12BC5C}"
EndProject
Project("{FAE04EC0-301F-11D3-BF4B-00C04F79EFBC}") = "OrderService.Application", "src\Services\OrderService\Core\OrderService.Application\OrderService.Application.csproj", "{B5CC283A-3F7C-40E2-B4CA-E9DB08231A6C}"
EndProject
Project("{FAE04EC0-301F-11D3-BF4B-00C04F79EFBC}") = "OrderService.Domain", "src\Services\OrderService\Core\OrderService.Domain\OrderService.Domain.csproj", "{5F11F003-78CF-4A75-8DFD-1275AC370C78}"
EndProject
Project("{FAE04EC0-301F-11D3-BF4B-00C04F79EFBC}") = "OrderService.Infrastructure", "src\Services\OrderService\Infrastructure\OrderService.Infrastructure\OrderService.Infrastructure.csproj", "{DE488345-84BA-46C3-8282-40FA969F3E46}"
EndProject
Project("{FAE04EC0-301F-11D3-BF4B-00C04F79EFBC}") = "OrderService.Persistence", "src\Services\OrderService\Infrastructure\OrderService.Persistence\OrderService.Persistence.csproj", "{19B2267C-A5F0-4AE1-84D2-A483A8889C49}"
EndProject
Project("{FAE04EC0-301F-11D3-BF4B-00C04F79EFBC}") = "OrderService.WebAPI", "src\Services\OrderService\WebAPI\OrderService.WebAPI\OrderService.WebAPI.csproj", "{E226DD9A-0707-402D-B838-91E2489D24C1}"
EndProject
Project("{FAE04EC0-301F-11D3-BF4B-00C04F79EFBC}") = "PaymentService.Application", "src\Services\PaymentService\Core\PaymentService.Application\PaymentService.Application.csproj", "{AEB19F37-6D0D-48D4-8924-F0B79E625BBA}"
EndProject
Project("{FAE04EC0-301F-11D3-BF4B-00C04F79EFBC}") = "PaymentService.Domain", "src\Services\PaymentService\Core\PaymentService.Domain\PaymentService.Domain.csproj", "{B7B563DD-0CE8-4744-BDA9-E12279E80D16}"
EndProject
Project("{FAE04EC0-301F-11D3-BF4B-00C04F79EFBC}") = "PaymentService.Infrastructure", "src\Services\PaymentService\Infrastructure\PaymentService.Infrastructure\PaymentService.Infrastructure.csproj", "{C319C606-3CFB-45D0-8A84-7A43C6FB64DF}"
EndProject
Project("{FAE04EC0-301F-11D3-BF4B-00C04F79EFBC}") = "PaymentService.Persistence", "src\Services\PaymentService\Infrastructure\PaymentService.Persistence\PaymentService.Persistence.csproj", "{9C0016F0-CDF9-4ECA-A541-B38A0B0174E7}"
EndProject
Project("{FAE04EC0-301F-11D3-BF4B-00C04F79EFBC}") = "PaymentService.WebAPI", "src\Services\PaymentService\WebAPI\PaymentService.WebAPI\PaymentService.WebAPI.csproj", "{86429CCE-F04F-4D08-A16A-731B1CEDF897}"
EndProject
Global
	GlobalSection(SolutionConfigurationPlatforms) = preSolution
		Debug|Any CPU = Debug|Any CPU
		Release|Any CPU = Release|Any CPU
	EndGlobalSection
	GlobalSection(ProjectConfigurationPlatforms) = postSolution
		{05802A17-7A73-4E3B-B270-BEF4DAF6886D}.Debug|Any CPU.ActiveCfg = Debug|Any CPU
		{05802A17-7A73-4E3B-B270-BEF4DAF6886D}.Debug|Any CPU.Build.0 = Debug|Any CPU
		{05802A17-7A73-4E3B-B270-BEF4DAF6886D}.Release|Any CPU.ActiveCfg = Release|Any CPU
		{05802A17-7A73-4E3B-B270-BEF4DAF6886D}.Release|Any CPU.Build.0 = Release|Any CPU
		{54EAEB1D-52C5-4D2F-8719-3350E17279F1}.Debug|Any CPU.ActiveCfg = Debug|Any CPU
		{54EAEB1D-52C5-4D2F-8719-3350E17279F1}.Debug|Any CPU.Build.0 = Debug|Any CPU
		{54EAEB1D-52C5-4D2F-8719-3350E17279F1}.Release|Any CPU.ActiveCfg = Release|Any CPU
		{54EAEB1D-52C5-4D2F-8719-3350E17279F1}.Release|Any CPU.Build.0 = Release|Any CPU
		{27766824-EE14-4F30-9AAA-C4B32EFD7BDB}.Debug|Any CPU.ActiveCfg = Debug|Any CPU
		{27766824-EE14-4F30-9AAA-C4B32EFD7BDB}.Debug|Any CPU.Build.0 = Debug|Any CPU
		{27766824-EE14-4F30-9AAA-C4B32EFD7BDB}.Release|Any CPU.ActiveCfg = Release|Any CPU
		{27766824-EE14-4F30-9AAA-C4B32EFD7BDB}.Release|Any CPU.Build.0 = Release|Any CPU
		{58945698-AE11-4DDD-A2C8-D257B9E6A5C4}.Debug|Any CPU.ActiveCfg = Debug|Any CPU
		{58945698-AE11-4DDD-A2C8-D257B9E6A5C4}.Debug|Any CPU.Build.0 = Debug|Any CPU
		{58945698-AE11-4DDD-A2C8-D257B9E6A5C4}.Release|Any CPU.ActiveCfg = Release|Any CPU
		{58945698-AE11-4DDD-A2C8-D257B9E6A5C4}.Release|Any CPU.Build.0 = Release|Any CPU
		{1BA05C88-FD56-478A-A78D-AE9BDCC752DC}.Debug|Any CPU.ActiveCfg = Debug|Any CPU
		{1BA05C88-FD56-478A-A78D-AE9BDCC752DC}.Debug|Any CPU.Build.0 = Debug|Any CPU
		{1BA05C88-FD56-478A-A78D-AE9BDCC752DC}.Release|Any CPU.ActiveCfg = Release|Any CPU
		{1BA05C88-FD56-478A-A78D-AE9BDCC752DC}.Release|Any CPU.Build.0 = Release|Any CPU
		{2AC86ED6-BEF9-45F0-99D7-10E7051E34DC}.Debug|Any CPU.ActiveCfg = Debug|Any CPU
		{2AC86ED6-BEF9-45F0-99D7-10E7051E34DC}.Debug|Any CPU.Build.0 = Debug|Any CPU
		{2AC86ED6-BEF9-45F0-99D7-10E7051E34DC}.Release|Any CPU.ActiveCfg = Release|Any CPU
		{2AC86ED6-BEF9-45F0-99D7-10E7051E34DC}.Release|Any CPU.Build.0 = Release|Any CPU
		{D32E34F4-47DF-499F-8CB6-5CFBE3CDE245}.Debug|Any CPU.ActiveCfg = Debug|Any CPU
		{D32E34F4-47DF-499F-8CB6-5CFBE3CDE245}.Debug|Any CPU.Build.0 = Debug|Any CPU
		{D32E34F4-47DF-499F-8CB6-5CFBE3CDE245}.Release|Any CPU.ActiveCfg = Release|Any CPU
		{D32E34F4-47DF-499F-8CB6-5CFBE3CDE245}.Release|Any CPU.Build.0 = Release|Any CPU
		{98BFE20D-D0F8-4712-97F0-B20FBAE19B9F}.Debug|Any CPU.ActiveCfg = Debug|Any CPU
		{98BFE20D-D0F8-4712-97F0-B20FBAE19B9F}.Debug|Any CPU.Build.0 = Debug|Any CPU
		{98BFE20D-D0F8-4712-97F0-B20FBAE19B9F}.Release|Any CPU.ActiveCfg = Release|Any CPU
		{98BFE20D-D0F8-4712-97F0-B20FBAE19B9F}.Release|Any CPU.Build.0 = Release|Any CPU
		{66F87B92-12D2-4F5F-A069-E8EE088E86AA}.Debug|Any CPU.ActiveCfg = Debug|Any CPU
		{66F87B92-12D2-4F5F-A069-E8EE088E86AA}.Debug|Any CPU.Build.0 = Debug|Any CPU
		{66F87B92-12D2-4F5F-A069-E8EE088E86AA}.Release|Any CPU.ActiveCfg = Release|Any CPU
		{66F87B92-12D2-4F5F-A069-E8EE088E86AA}.Release|Any CPU.Build.0 = Release|Any CPU
		{499BDF1F-EA24-4510-99CD-98129A291F36}.Debug|Any CPU.ActiveCfg = Debug|Any CPU
		{499BDF1F-EA24-4510-99CD-98129A291F36}.Debug|Any CPU.Build.0 = Debug|Any CPU
		{499BDF1F-EA24-4510-99CD-98129A291F36}.Release|Any CPU.ActiveCfg = Release|Any CPU
		{499BDF1F-EA24-4510-99CD-98129A291F36}.Release|Any CPU.Build.0 = Release|Any CPU
		{6CC90130-526E-4D76-A720-EB872D6E0B0A}.Debug|Any CPU.ActiveCfg = Debug|Any CPU
		{6CC90130-526E-4D76-A720-EB872D6E0B0A}.Debug|Any CPU.Build.0 = Debug|Any CPU
		{6CC90130-526E-4D76-A720-EB872D6E0B0A}.Release|Any CPU.ActiveCfg = Release|Any CPU
		{6CC90130-526E-4D76-A720-EB872D6E0B0A}.Release|Any CPU.Build.0 = Release|Any CPU
		{7861E7F1-F380-4167-81FE-506962AFACC7}.Debug|Any CPU.ActiveCfg = Debug|Any CPU
		{7861E7F1-F380-4167-81FE-506962AFACC7}.Debug|Any CPU.Build.0 = Debug|Any CPU
		{7861E7F1-F380-4167-81FE-506962AFACC7}.Release|Any CPU.ActiveCfg = Release|Any CPU
		{7861E7F1-F380-4167-81FE-506962AFACC7}.Release|Any CPU.Build.0 = Release|Any CPU
		{C4BA37A2-0881-465A-9085-41FA7982B0C6}.Debug|Any CPU.ActiveCfg = Debug|Any CPU
		{C4BA37A2-0881-465A-9085-41FA7982B0C6}.Debug|Any CPU.Build.0 = Debug|Any CPU
		{C4BA37A2-0881-465A-9085-41FA7982B0C6}.Release|Any CPU.ActiveCfg = Release|Any CPU
		{C4BA37A2-0881-465A-9085-41FA7982B0C6}.Release|Any CPU.Build.0 = Release|Any CPU
		{0BCC8E88-7D02-4BD2-8449-D7427A3B437C}.Debug|Any CPU.ActiveCfg = Debug|Any CPU
		{0BCC8E88-7D02-4BD2-8449-D7427A3B437C}.Debug|Any CPU.Build.0 = Debug|Any CPU
		{0BCC8E88-7D02-4BD2-8449-D7427A3B437C}.Release|Any CPU.ActiveCfg = Release|Any CPU
		{0BCC8E88-7D02-4BD2-8449-D7427A3B437C}.Release|Any CPU.Build.0 = Release|Any CPU
		{79A079FA-3162-412F-8053-67F467B1F33B}.Debug|Any CPU.ActiveCfg = Debug|Any CPU
		{79A079FA-3162-412F-8053-67F467B1F33B}.Debug|Any CPU.Build.0 = Debug|Any CPU
		{79A079FA-3162-412F-8053-67F467B1F33B}.Release|Any CPU.ActiveCfg = Release|Any CPU
		{79A079FA-3162-412F-8053-67F467B1F33B}.Release|Any CPU.Build.0 = Release|Any CPU
		{1E87F6CF-2D48-41C6-8401-487649FC5A52}.Debug|Any CPU.ActiveCfg = Debug|Any CPU
		{1E87F6CF-2D48-41C6-8401-487649FC5A52}.Debug|Any CPU.Build.0 = Debug|Any CPU
		{1E87F6CF-2D48-41C6-8401-487649FC5A52}.Release|Any CPU.ActiveCfg = Release|Any CPU
		{1E87F6CF-2D48-41C6-8401-487649FC5A52}.Release|Any CPU.Build.0 = Release|Any CPU
		{C2C72E64-E63D-484E-BD5C-F14093762D96}.Debug|Any CPU.ActiveCfg = Debug|Any CPU
		{C2C72E64-E63D-484E-BD5C-F14093762D96}.Debug|Any CPU.Build.0 = Debug|Any CPU
		{C2C72E64-E63D-484E-BD5C-F14093762D96}.Release|Any CPU.ActiveCfg = Release|Any CPU
		{C2C72E64-E63D-484E-BD5C-F14093762D96}.Release|Any CPU.Build.0 = Release|Any CPU
		{24FD19B0-1BD5-4F36-9A08-BDDF8833A5DA}.Debug|Any CPU.ActiveCfg = Debug|Any CPU
		{24FD19B0-1BD5-4F36-9A08-BDDF8833A5DA}.Debug|Any CPU.Build.0 = Debug|Any CPU
		{24FD19B0-1BD5-4F36-9A08-BDDF8833A5DA}.Release|Any CPU.ActiveCfg = Release|Any CPU
		{24FD19B0-1BD5-4F36-9A08-BDDF8833A5DA}.Release|Any CPU.Build.0 = Release|Any CPU
		{040675A5-E70D-47ED-B10C-0F65C1B941C9}.Debug|Any CPU.ActiveCfg = Debug|Any CPU
		{040675A5-E70D-47ED-B10C-0F65C1B941C9}.Debug|Any CPU.Build.0 = Debug|Any CPU
		{040675A5-E70D-47ED-B10C-0F65C1B941C9}.Release|Any CPU.ActiveCfg = Release|Any CPU
		{040675A5-E70D-47ED-B10C-0F65C1B941C9}.Release|Any CPU.Build.0 = Release|Any CPU
		{BE3ACA35-1860-4B7A-A1FA-F63A2B4FC20A}.Debug|Any CPU.ActiveCfg = Debug|Any CPU
		{BE3ACA35-1860-4B7A-A1FA-F63A2B4FC20A}.Debug|Any CPU.Build.0 = Debug|Any CPU
		{BE3ACA35-1860-4B7A-A1FA-F63A2B4FC20A}.Release|Any CPU.ActiveCfg = Release|Any CPU
		{BE3ACA35-1860-4B7A-A1FA-F63A2B4FC20A}.Release|Any CPU.Build.0 = Release|Any CPU
		{3CC36B09-AAB9-4C77-AEC2-F30D1F3A0AC9}.Debug|Any CPU.ActiveCfg = Debug|Any CPU
		{3CC36B09-AAB9-4C77-AEC2-F30D1F3A0AC9}.Debug|Any CPU.Build.0 = Debug|Any CPU
		{3CC36B09-AAB9-4C77-AEC2-F30D1F3A0AC9}.Release|Any CPU.ActiveCfg = Release|Any CPU
		{3CC36B09-AAB9-4C77-AEC2-F30D1F3A0AC9}.Release|Any CPU.Build.0 = Release|Any CPU
		{B5FEA553-B92D-449D-A087-6DB0F1C4E9BB}.Debug|Any CPU.ActiveCfg = Debug|Any CPU
		{B5FEA553-B92D-449D-A087-6DB0F1C4E9BB}.Debug|Any CPU.Build.0 = Debug|Any CPU
		{B5FEA553-B92D-449D-A087-6DB0F1C4E9BB}.Release|Any CPU.ActiveCfg = Release|Any CPU
		{B5FEA553-B92D-449D-A087-6DB0F1C4E9BB}.Release|Any CPU.Build.0 = Release|Any CPU
		{AA365C87-4D72-4522-9AA3-53345480F6CE}.Debug|Any CPU.ActiveCfg = Debug|Any CPU
		{AA365C87-4D72-4522-9AA3-53345480F6CE}.Debug|Any CPU.Build.0 = Debug|Any CPU
		{AA365C87-4D72-4522-9AA3-53345480F6CE}.Release|Any CPU.ActiveCfg = Release|Any CPU
		{AA365C87-4D72-4522-9AA3-53345480F6CE}.Release|Any CPU.Build.0 = Release|Any CPU
		{839E4E18-6864-4833-8080-F79832857F08}.Debug|Any CPU.ActiveCfg = Debug|Any CPU
		{839E4E18-6864-4833-8080-F79832857F08}.Debug|Any CPU.Build.0 = Debug|Any CPU
		{839E4E18-6864-4833-8080-F79832857F08}.Release|Any CPU.ActiveCfg = Release|Any CPU
		{839E4E18-6864-4833-8080-F79832857F08}.Release|Any CPU.Build.0 = Release|Any CPU
		{4312DA11-6F93-4126-89AB-47FCFF12BC5C}.Debug|Any CPU.ActiveCfg = Debug|Any CPU
		{4312DA11-6F93-4126-89AB-47FCFF12BC5C}.Debug|Any CPU.Build.0 = Debug|Any CPU
		{4312DA11-6F93-4126-89AB-47FCFF12BC5C}.Release|Any CPU.ActiveCfg = Release|Any CPU
		{4312DA11-6F93-4126-89AB-47FCFF12BC5C}.Release|Any CPU.Build.0 = Release|Any CPU
		{B5CC283A-3F7C-40E2-B4CA-E9DB08231A6C}.Debug|Any CPU.ActiveCfg = Debug|Any CPU
		{B5CC283A-3F7C-40E2-B4CA-E9DB08231A6C}.Debug|Any CPU.Build.0 = Debug|Any CPU
		{B5CC283A-3F7C-40E2-B4CA-E9DB08231A6C}.Release|Any CPU.ActiveCfg = Release|Any CPU
		{B5CC283A-3F7C-40E2-B4CA-E9DB08231A6C}.Release|Any CPU.Build.0 = Release|Any CPU
		{5F11F003-78CF-4A75-8DFD-1275AC370C78}.Debug|Any CPU.ActiveCfg = Debug|Any CPU
		{5F11F003-78CF-4A75-8DFD-1275AC370C78}.Debug|Any CPU.Build.0 = Debug|Any CPU
		{5F11F003-78CF-4A75-8DFD-1275AC370C78}.Release|Any CPU.ActiveCfg = Release|Any CPU
		{5F11F003-78CF-4A75-8DFD-1275AC370C78}.Release|Any CPU.Build.0 = Release|Any CPU
		{DE488345-84BA-46C3-8282-40FA969F3E46}.Debug|Any CPU.ActiveCfg = Debug|Any CPU
		{DE488345-84BA-46C3-8282-40FA969F3E46}.Debug|Any CPU.Build.0 = Debug|Any CPU
		{DE488345-84BA-46C3-8282-40FA969F3E46}.Release|Any CPU.ActiveCfg = Release|Any CPU
		{DE488345-84BA-46C3-8282-40FA969F3E46}.Release|Any CPU.Build.0 = Release|Any CPU
		{19B2267C-A5F0-4AE1-84D2-A483A8889C49}.Debug|Any CPU.ActiveCfg = Debug|Any CPU
		{19B2267C-A5F0-4AE1-84D2-A483A8889C49}.Debug|Any CPU.Build.0 = Debug|Any CPU
		{19B2267C-A5F0-4AE1-84D2-A483A8889C49}.Release|Any CPU.ActiveCfg = Release|Any CPU
		{19B2267C-A5F0-4AE1-84D2-A483A8889C49}.Release|Any CPU.Build.0 = Release|Any CPU
		{E226DD9A-0707-402D-B838-91E2489D24C1}.Debug|Any CPU.ActiveCfg = Debug|Any CPU
		{E226DD9A-0707-402D-B838-91E2489D24C1}.Debug|Any CPU.Build.0 = Debug|Any CPU
		{E226DD9A-0707-402D-B838-91E2489D24C1}.Release|Any CPU.ActiveCfg = Release|Any CPU
		{E226DD9A-0707-402D-B838-91E2489D24C1}.Release|Any CPU.Build.0 = Release|Any CPU
		{AEB19F37-6D0D-48D4-8924-F0B79E625BBA}.Debug|Any CPU.ActiveCfg = Debug|Any CPU
		{AEB19F37-6D0D-48D4-8924-F0B79E625BBA}.Debug|Any CPU.Build.0 = Debug|Any CPU
		{AEB19F37-6D0D-48D4-8924-F0B79E625BBA}.Release|Any CPU.ActiveCfg = Release|Any CPU
		{AEB19F37-6D0D-48D4-8924-F0B79E625BBA}.Release|Any CPU.Build.0 = Release|Any CPU
		{B7B563DD-0CE8-4744-BDA9-E12279E80D16}.Debug|Any CPU.ActiveCfg = Debug|Any CPU
		{B7B563DD-0CE8-4744-BDA9-E12279E80D16}.Debug|Any CPU.Build.0 = Debug|Any CPU
		{B7B563DD-0CE8-4744-BDA9-E12279E80D16}.Release|Any CPU.ActiveCfg = Release|Any CPU
		{B7B563DD-0CE8-4744-BDA9-E12279E80D16}.Release|Any CPU.Build.0 = Release|Any CPU
		{C319C606-3CFB-45D0-8A84-7A43C6FB64DF}.Debug|Any CPU.ActiveCfg = Debug|Any CPU
		{C319C606-3CFB-45D0-8A84-7A43C6FB64DF}.Debug|Any CPU.Build.0 = Debug|Any CPU
		{C319C606-3CFB-45D0-8A84-7A43C6FB64DF}.Release|Any CPU.ActiveCfg = Release|Any CPU
		{C319C606-3CFB-45D0-8A84-7A43C6FB64DF}.Release|Any CPU.Build.0 = Release|Any CPU
		{9C0016F0-CDF9-4ECA-A541-B38A0B0174E7}.Debug|Any CPU.ActiveCfg = Debug|Any CPU
		{9C0016F0-CDF9-4ECA-A541-B38A0B0174E7}.Debug|Any CPU.Build.0 = Debug|Any CPU
		{9C0016F0-CDF9-4ECA-A541-B38A0B0174E7}.Release|Any CPU.ActiveCfg = Release|Any CPU
		{9C0016F0-CDF9-4ECA-A541-B38A0B0174E7}.Release|Any CPU.Build.0 = Release|Any CPU
		{86429CCE-F04F-4D08-A16A-731B1CEDF897}.Debug|Any CPU.ActiveCfg = Debug|Any CPU
		{86429CCE-F04F-4D08-A16A-731B1CEDF897}.Debug|Any CPU.Build.0 = Debug|Any CPU
		{86429CCE-F04F-4D08-A16A-731B1CEDF897}.Release|Any CPU.ActiveCfg = Release|Any CPU
		{86429CCE-F04F-4D08-A16A-731B1CEDF897}.Release|Any CPU.Build.0 = Release|Any CPU
	EndGlobalSection
	GlobalSection(SolutionProperties) = preSolution
		HideSolutionNode = FALSE
	EndGlobalSection
	GlobalSection(NestedProjects) = preSolution
		{357DD8EA-A9DB-48EA-A9C0-BD243C5BBEB2} = {ACAD6C81-CE89-49CC-8AA8-1BCA7ACAA95D}
		{00E8153D-9429-40AC-B5B5-18DA13371100} = {ACAD6C81-CE89-49CC-8AA8-1BCA7ACAA95D}
		{54F48F7E-0BE3-4FE3-AD3D-3C35B3843F40} = {ACAD6C81-CE89-49CC-8AA8-1BCA7ACAA95D}
		{FCE89FC9-6230-496F-AA18-D45EED2437AB} = {ACAD6C81-CE89-49CC-8AA8-1BCA7ACAA95D}
		{EB614E17-9CC7-4E90-84B8-1B08DC658FDC} = {FCE89FC9-6230-496F-AA18-D45EED2437AB}
		{05802A17-7A73-4E3B-B270-BEF4DAF6886D} = {EB614E17-9CC7-4E90-84B8-1B08DC658FDC}
		{A3275ADF-2D88-40DD-AC03-4B4F95067494} = {00E8153D-9429-40AC-B5B5-18DA13371100}
		{54EAEB1D-52C5-4D2F-8719-3350E17279F1} = {A3275ADF-2D88-40DD-AC03-4B4F95067494}
		{27766824-EE14-4F30-9AAA-C4B32EFD7BDB} = {A3275ADF-2D88-40DD-AC03-4B4F95067494}
		{58945698-AE11-4DDD-A2C8-D257B9E6A5C4} = {A3275ADF-2D88-40DD-AC03-4B4F95067494}
		{1BA05C88-FD56-478A-A78D-AE9BDCC752DC} = {A3275ADF-2D88-40DD-AC03-4B4F95067494}
		{DDD662D8-2F43-4790-945D-BFC4CC7E56E5} = {54F48F7E-0BE3-4FE3-AD3D-3C35B3843F40}
		{29851AFF-9F9B-4A0E-98B6-BAB5ADDAB205} = {DDD662D8-2F43-4790-945D-BFC4CC7E56E5}
		{2AC86ED6-BEF9-45F0-99D7-10E7051E34DC} = {29851AFF-9F9B-4A0E-98B6-BAB5ADDAB205}
		{FF7824E0-F771-4D47-9F22-CC8C479708A4} = {357DD8EA-A9DB-48EA-A9C0-BD243C5BBEB2}
		{EF5F2876-F565-4137-A67D-3EFAFA2943D8} = {FF7824E0-F771-4D47-9F22-CC8C479708A4}
		{45A61BD9-5250-42FC-A693-C26ABD87F966} = {FF7824E0-F771-4D47-9F22-CC8C479708A4}
		{0B60ABCF-F7E9-41FF-A811-D97E6D572BF2} = {FF7824E0-F771-4D47-9F22-CC8C479708A4}
		{F62A8623-A3D6-4313-B581-D9F087127DA1} = {357DD8EA-A9DB-48EA-A9C0-BD243C5BBEB2}
		{22305459-510B-4D6E-86B0-D183EDB7BB4C} = {357DD8EA-A9DB-48EA-A9C0-BD243C5BBEB2}
		{C7DC294D-B00C-491D-91D3-6BFF90614F30} = {357DD8EA-A9DB-48EA-A9C0-BD243C5BBEB2}
		{5F3887B6-BB15-42D6-A75A-1B98EFC62A5D} = {357DD8EA-A9DB-48EA-A9C0-BD243C5BBEB2}
		{39DD9060-562F-4597-A95F-6EDBFAB79314} = {357DD8EA-A9DB-48EA-A9C0-BD243C5BBEB2}
		{F4E2F198-0863-46D5-87AA-20B594739CD1} = {F62A8623-A3D6-4313-B581-D9F087127DA1}
		{FC31CB7C-1983-4D75-930E-5D34F16DEFAB} = {F62A8623-A3D6-4313-B581-D9F087127DA1}
		{603546A0-E123-4302-B6F1-9C7A132139D4} = {F62A8623-A3D6-4313-B581-D9F087127DA1}
		{118E9EBD-8616-4792-BE96-0E8F34B92AD4} = {22305459-510B-4D6E-86B0-D183EDB7BB4C}
		{77EEBFD3-786B-4642-9E0F-676759E6FA3A} = {22305459-510B-4D6E-86B0-D183EDB7BB4C}
		{6799DA6D-7DA6-4E2F-9483-35046CD361E9} = {22305459-510B-4D6E-86B0-D183EDB7BB4C}
		{37BBB6D1-2634-429F-8EF6-06826C306D17} = {C7DC294D-B00C-491D-91D3-6BFF90614F30}
		{7E609E5A-B980-441C-B06C-411637315408} = {C7DC294D-B00C-491D-91D3-6BFF90614F30}
		{5AE8C009-E32F-4BFF-B7BA-610BE5E1D44D} = {C7DC294D-B00C-491D-91D3-6BFF90614F30}
		{A451BA41-5EF8-44E6-8F96-331D01E31476} = {5F3887B6-BB15-42D6-A75A-1B98EFC62A5D}
		{395447C0-89A4-4C16-98D1-D2C0DEADF124} = {5F3887B6-BB15-42D6-A75A-1B98EFC62A5D}
		{FCD3F02F-8E7C-4B39-A70A-FD4F23B899E2} = {5F3887B6-BB15-42D6-A75A-1B98EFC62A5D}
		{61107AE8-C91F-4C14-B15A-4EF8E6AB5271} = {39DD9060-562F-4597-A95F-6EDBFAB79314}
		{8474E90E-003F-4BC1-A87B-8F2B0881285E} = {39DD9060-562F-4597-A95F-6EDBFAB79314}
		{2E2CC63C-1644-4CD3-9A36-8A0E9174BD18} = {39DD9060-562F-4597-A95F-6EDBFAB79314}
		{D32E34F4-47DF-499F-8CB6-5CFBE3CDE245} = {EF5F2876-F565-4137-A67D-3EFAFA2943D8}
		{98BFE20D-D0F8-4712-97F0-B20FBAE19B9F} = {EF5F2876-F565-4137-A67D-3EFAFA2943D8}
		{66F87B92-12D2-4F5F-A069-E8EE088E86AA} = {45A61BD9-5250-42FC-A693-C26ABD87F966}
		{499BDF1F-EA24-4510-99CD-98129A291F36} = {45A61BD9-5250-42FC-A693-C26ABD87F966}
		{6CC90130-526E-4D76-A720-EB872D6E0B0A} = {0B60ABCF-F7E9-41FF-A811-D97E6D572BF2}
		{7861E7F1-F380-4167-81FE-506962AFACC7} = {F4E2F198-0863-46D5-87AA-20B594739CD1}
		{C4BA37A2-0881-465A-9085-41FA7982B0C6} = {F4E2F198-0863-46D5-87AA-20B594739CD1}
		{0BCC8E88-7D02-4BD2-8449-D7427A3B437C} = {FC31CB7C-1983-4D75-930E-5D34F16DEFAB}
		{79A079FA-3162-412F-8053-67F467B1F33B} = {FC31CB7C-1983-4D75-930E-5D34F16DEFAB}
		{1E87F6CF-2D48-41C6-8401-487649FC5A52} = {603546A0-E123-4302-B6F1-9C7A132139D4}
		{C2C72E64-E63D-484E-BD5C-F14093762D96} = {118E9EBD-8616-4792-BE96-0E8F34B92AD4}
		{24FD19B0-1BD5-4F36-9A08-BDDF8833A5DA} = {118E9EBD-8616-4792-BE96-0E8F34B92AD4}
		{040675A5-E70D-47ED-B10C-0F65C1B941C9} = {77EEBFD3-786B-4642-9E0F-676759E6FA3A}
		{BE3ACA35-1860-4B7A-A1FA-F63A2B4FC20A} = {77EEBFD3-786B-4642-9E0F-676759E6FA3A}
		{3CC36B09-AAB9-4C77-AEC2-F30D1F3A0AC9} = {6799DA6D-7DA6-4E2F-9483-35046CD361E9}
		{B5FEA553-B92D-449D-A087-6DB0F1C4E9BB} = {37BBB6D1-2634-429F-8EF6-06826C306D17}
		{AA365C87-4D72-4522-9AA3-53345480F6CE} = {37BBB6D1-2634-429F-8EF6-06826C306D17}
		{839E4E18-6864-4833-8080-F79832857F08} = {7E609E5A-B980-441C-B06C-411637315408}
		{4312DA11-6F93-4126-89AB-47FCFF12BC5C} = {5AE8C009-E32F-4BFF-B7BA-610BE5E1D44D}
		{B5CC283A-3F7C-40E2-B4CA-E9DB08231A6C} = {A451BA41-5EF8-44E6-8F96-331D01E31476}
		{5F11F003-78CF-4A75-8DFD-1275AC370C78} = {A451BA41-5EF8-44E6-8F96-331D01E31476}
		{DE488345-84BA-46C3-8282-40FA969F3E46} = {395447C0-89A4-4C16-98D1-D2C0DEADF124}
		{19B2267C-A5F0-4AE1-84D2-A483A8889C49} = {395447C0-89A4-4C16-98D1-D2C0DEADF124}
		{E226DD9A-0707-402D-B838-91E2489D24C1} = {FCD3F02F-8E7C-4B39-A70A-FD4F23B899E2}
		{AEB19F37-6D0D-48D4-8924-F0B79E625BBA} = {61107AE8-C91F-4C14-B15A-4EF8E6AB5271}
		{B7B563DD-0CE8-4744-BDA9-E12279E80D16} = {61107AE8-C91F-4C14-B15A-4EF8E6AB5271}
		{C319C606-3CFB-45D0-8A84-7A43C6FB64DF} = {8474E90E-003F-4BC1-A87B-8F2B0881285E}
		{9C0016F0-CDF9-4ECA-A541-B38A0B0174E7} = {8474E90E-003F-4BC1-A87B-8F2B0881285E}
		{86429CCE-F04F-4D08-A16A-731B1CEDF897} = {2E2CC63C-1644-4CD3-9A36-8A0E9174BD18}
	EndGlobalSection
	GlobalSection(ExtensibilityGlobals) = postSolution
		SolutionGuid = {5B8FF844-A242-4E28-9756-F43D4EDCF575}
	EndGlobalSection
EndGlobal
